// !$*UTF8*$!
{
	archiveVersion = 1;
	classes = {
	};
	objectVersion = 51;
	objects = {

/* Begin PBXBuildFile section */
		1FCE743FA3F574FBAFDECC1B /* Pods_HBONOWapp.framework in Frameworks */ = {isa = PBXBuildFile; fileRef = 5AA26247A234B6775D273459 /* Pods_HBONOWapp.framework */; };
		3913B4C323E31C4800286A9D /* GoogleService-Info.plist in Resources */ = {isa = PBXBuildFile; fileRef = 3913B4C223E31C4800286A9D /* GoogleService-Info.plist */; };
		3913B4C523E3210700286A9D /* RegisterViewController.swift in Sources */ = {isa = PBXBuildFile; fileRef = 3913B4C423E3210700286A9D /* RegisterViewController.swift */; };
		3913B4C823E32AE000286A9D /* Validator.swift in Sources */ = {isa = PBXBuildFile; fileRef = 3913B4C723E32AE000286A9D /* Validator.swift */; };
		3913B4CA23E32B3B00286A9D /* AlertDialog.swift in Sources */ = {isa = PBXBuildFile; fileRef = 3913B4C923E32B3B00286A9D /* AlertDialog.swift */; };
		3913B4CC23E33A9000286A9D /* SignINViewController.swift in Sources */ = {isa = PBXBuildFile; fileRef = 3913B4CB23E33A9000286A9D /* SignINViewController.swift */; };
		3913B4CE23E33C0100286A9D /* DashboardViewController.swift in Sources */ = {isa = PBXBuildFile; fileRef = 3913B4CD23E33C0100286A9D /* DashboardViewController.swift */; };
		39E3A14C23E0918900C588F0 /* AppDelegate.swift in Sources */ = {isa = PBXBuildFile; fileRef = 39E3A14B23E0918900C588F0 /* AppDelegate.swift */; };
		39E3A14E23E0918900C588F0 /* ViewController.swift in Sources */ = {isa = PBXBuildFile; fileRef = 39E3A14D23E0918900C588F0 /* ViewController.swift */; };
		39E3A15123E0918900C588F0 /* Main.storyboard in Resources */ = {isa = PBXBuildFile; fileRef = 39E3A14F23E0918900C588F0 /* Main.storyboard */; };
		39E3A15423E0918900C588F0 /* HBONOWapp.xcdatamodeld in Sources */ = {isa = PBXBuildFile; fileRef = 39E3A15223E0918900C588F0 /* HBONOWapp.xcdatamodeld */; };
		39E3A15623E0918B00C588F0 /* Assets.xcassets in Resources */ = {isa = PBXBuildFile; fileRef = 39E3A15523E0918B00C588F0 /* Assets.xcassets */; };
		39E3A15923E0918B00C588F0 /* LaunchScreen.storyboard in Resources */ = {isa = PBXBuildFile; fileRef = 39E3A15723E0918B00C588F0 /* LaunchScreen.storyboard */; };
		39E3A16723E09CEA00C588F0 /* HBONOW_img.png in Resources */ = {isa = PBXBuildFile; fileRef = 39E3A16623E09CEA00C588F0 /* HBONOW_img.png */; };
		39E3A16B23E09F1B00C588F0 /* dhoooom.jpg in Resources */ = {isa = PBXBuildFile; fileRef = 39E3A16A23E09F1B00C588F0 /* dhoooom.jpg */; };
/* End PBXBuildFile section */

/* Begin PBXFileReference section */
		3913B4C223E31C4800286A9D /* GoogleService-Info.plist */ = {isa = PBXFileReference; fileEncoding = 4; lastKnownFileType = text.plist.xml; path = "GoogleService-Info.plist"; sourceTree = "<group>"; };
		3913B4C423E3210700286A9D /* RegisterViewController.swift */ = {isa = PBXFileReference; lastKnownFileType = sourcecode.swift; path = RegisterViewController.swift; sourceTree = "<group>"; };
		3913B4C723E32AE000286A9D /* Validator.swift */ = {isa = PBXFileReference; lastKnownFileType = sourcecode.swift; path = Validator.swift; sourceTree = "<group>"; };
		3913B4C923E32B3B00286A9D /* AlertDialog.swift */ = {isa = PBXFileReference; lastKnownFileType = sourcecode.swift; path = AlertDialog.swift; sourceTree = "<group>"; };
		3913B4CB23E33A9000286A9D /* SignINViewController.swift */ = {isa = PBXFileReference; lastKnownFileType = sourcecode.swift; path = SignINViewController.swift; sourceTree = "<group>"; };
		3913B4CD23E33C0100286A9D /* DashboardViewController.swift */ = {isa = PBXFileReference; lastKnownFileType = sourcecode.swift; path = DashboardViewController.swift; sourceTree = "<group>"; };
		39E3A14823E0918900C588F0 /* HBONOWapp.app */ = {isa = PBXFileReference; explicitFileType = wrapper.application; includeInIndex = 0; path = HBONOWapp.app; sourceTree = BUILT_PRODUCTS_DIR; };
		39E3A14B23E0918900C588F0 /* AppDelegate.swift */ = {isa = PBXFileReference; lastKnownFileType = sourcecode.swift; path = AppDelegate.swift; sourceTree = "<group>"; };
		39E3A14D23E0918900C588F0 /* ViewController.swift */ = {isa = PBXFileReference; lastKnownFileType = sourcecode.swift; path = ViewController.swift; sourceTree = "<group>"; };
		39E3A15023E0918900C588F0 /* Base */ = {isa = PBXFileReference; lastKnownFileType = file.storyboard; name = Base; path = Base.lproj/Main.storyboard; sourceTree = "<group>"; };
		39E3A15323E0918900C588F0 /* HBONOWapp.xcdatamodel */ = {isa = PBXFileReference; lastKnownFileType = wrapper.xcdatamodel; path = HBONOWapp.xcdatamodel; sourceTree = "<group>"; };
		39E3A15523E0918B00C588F0 /* Assets.xcassets */ = {isa = PBXFileReference; lastKnownFileType = folder.assetcatalog; path = Assets.xcassets; sourceTree = "<group>"; };
		39E3A15823E0918B00C588F0 /* Base */ = {isa = PBXFileReference; lastKnownFileType = file.storyboard; name = Base; path = Base.lproj/LaunchScreen.storyboard; sourceTree = "<group>"; };
		39E3A15A23E0918B00C588F0 /* Info.plist */ = {isa = PBXFileReference; lastKnownFileType = text.plist.xml; path = Info.plist; sourceTree = "<group>"; };
		39E3A16623E09CEA00C588F0 /* HBONOW_img.png */ = {isa = PBXFileReference; lastKnownFileType = image.png; path = HBONOW_img.png; sourceTree = "<group>"; };
		39E3A16A23E09F1B00C588F0 /* dhoooom.jpg */ = {isa = PBXFileReference; lastKnownFileType = image.jpeg; path = dhoooom.jpg; sourceTree = "<group>"; };
		5AA26247A234B6775D273459 /* Pods_HBONOWapp.framework */ = {isa = PBXFileReference; explicitFileType = wrapper.framework; includeInIndex = 0; path = Pods_HBONOWapp.framework; sourceTree = BUILT_PRODUCTS_DIR; };
		A03FAF9B5767FE76A11AA84C /* Pods-HBONOWapp.debug.xcconfig */ = {isa = PBXFileReference; includeInIndex = 1; lastKnownFileType = text.xcconfig; name = "Pods-HBONOWapp.debug.xcconfig"; path = "Target Support Files/Pods-HBONOWapp/Pods-HBONOWapp.debug.xcconfig"; sourceTree = "<group>"; };
		A8114924B837AEF5F52C113E /* Pods-HBONOWapp.release.xcconfig */ = {isa = PBXFileReference; includeInIndex = 1; lastKnownFileType = text.xcconfig; name = "Pods-HBONOWapp.release.xcconfig"; path = "Target Support Files/Pods-HBONOWapp/Pods-HBONOWapp.release.xcconfig"; sourceTree = "<group>"; };
/* End PBXFileReference section */

/* Begin PBXFrameworksBuildPhase section */
		39E3A14523E0918900C588F0 /* Frameworks */ = {
			isa = PBXFrameworksBuildPhase;
			buildActionMask = 2147483647;
			files = (
				1FCE743FA3F574FBAFDECC1B /* Pods_HBONOWapp.framework in Frameworks */,
			);
			runOnlyForDeploymentPostprocessing = 0;
		};
/* End PBXFrameworksBuildPhase section */

/* Begin PBXGroup section */
		36FE756DD8C4481284F1DB09 /* Frameworks */ = {
			isa = PBXGroup;
			children = (
				5AA26247A234B6775D273459 /* Pods_HBONOWapp.framework */,
			);
			name = Frameworks;
			sourceTree = "<group>";
		};
		3913B4C623E32AB200286A9D /* Helper */ = {
			isa = PBXGroup;
			children = (
				3913B4C723E32AE000286A9D /* Validator.swift */,
				3913B4C923E32B3B00286A9D /* AlertDialog.swift */,
			);
			path = Helper;
			sourceTree = "<group>";
		};
		39E3A13F23E0918900C588F0 = {
			isa = PBXGroup;
			children = (
				39E3A14A23E0918900C588F0 /* HBONOWapp */,
				39E3A14923E0918900C588F0 /* Products */,
				809AC5592B7EC9DC2581D98C /* Pods */,
				36FE756DD8C4481284F1DB09 /* Frameworks */,
			);
			sourceTree = "<group>";
		};
		39E3A14923E0918900C588F0 /* Products */ = {
			isa = PBXGroup;
			children = (
				39E3A14823E0918900C588F0 /* HBONOWapp.app */,
			);
			name = Products;
			sourceTree = "<group>";
		};
		39E3A14A23E0918900C588F0 /* HBONOWapp */ = {
			isa = PBXGroup;
			children = (
				3913B4C623E32AB200286A9D /* Helper */,
				39E3A16523E09CD400C588F0 /* Images */,
				39E3A16223E0941C00C588F0 /* UIControllers */,
				39E3A14B23E0918900C588F0 /* AppDelegate.swift */,
				3913B4C223E31C4800286A9D /* GoogleService-Info.plist */,
				39E3A14D23E0918900C588F0 /* ViewController.swift */,
				39E3A14F23E0918900C588F0 /* Main.storyboard */,
				39E3A15523E0918B00C588F0 /* Assets.xcassets */,
				39E3A15723E0918B00C588F0 /* LaunchScreen.storyboard */,
				39E3A15A23E0918B00C588F0 /* Info.plist */,
				39E3A15223E0918900C588F0 /* HBONOWapp.xcdatamodeld */,
			);
			path = HBONOWapp;
			sourceTree = "<group>";
		};
		39E3A16223E0941C00C588F0 /* UIControllers */ = {
			isa = PBXGroup;
			children = (
				3913B4C423E3210700286A9D /* RegisterViewController.swift */,
				3913B4CB23E33A9000286A9D /* SignINViewController.swift */,
				3913B4CD23E33C0100286A9D /* DashboardViewController.swift */,
			);
			path = UIControllers;
			sourceTree = "<group>";
		};
		39E3A16523E09CD400C588F0 /* Images */ = {
			isa = PBXGroup;
			children = (
				39E3A16A23E09F1B00C588F0 /* dhoooom.jpg */,
				39E3A16623E09CEA00C588F0 /* HBONOW_img.png */,
			);
			path = Images;
			sourceTree = "<group>";
		};
		809AC5592B7EC9DC2581D98C /* Pods */ = {
			isa = PBXGroup;
			children = (
				A03FAF9B5767FE76A11AA84C /* Pods-HBONOWapp.debug.xcconfig */,
				A8114924B837AEF5F52C113E /* Pods-HBONOWapp.release.xcconfig */,
			);
			path = Pods;
			sourceTree = "<group>";
		};
/* End PBXGroup section */

/* Begin PBXNativeTarget section */
		39E3A14723E0918900C588F0 /* HBONOWapp */ = {
			isa = PBXNativeTarget;
			buildConfigurationList = 39E3A15D23E0918B00C588F0 /* Build configuration list for PBXNativeTarget "HBONOWapp" */;
			buildPhases = (
				FD42F8DB11F254DB15D5EC97 /* [CP] Check Pods Manifest.lock */,
				39E3A14423E0918900C588F0 /* Sources */,
				39E3A14523E0918900C588F0 /* Frameworks */,
				39E3A14623E0918900C588F0 /* Resources */,
				48E8D307DD53577424A9291E /* [CP] Embed Pods Frameworks */,
			);
			buildRules = (
			);
			dependencies = (
			);
			name = HBONOWapp;
			productName = HBONOWapp;
			productReference = 39E3A14823E0918900C588F0 /* HBONOWapp.app */;
			productType = "com.apple.product-type.application";
		};
/* End PBXNativeTarget section */

/* Begin PBXProject section */
		39E3A14023E0918900C588F0 /* Project object */ = {
			isa = PBXProject;
			attributes = {
				LastSwiftUpdateCheck = 1030;
				LastUpgradeCheck = 1030;
				ORGANIZATIONNAME = "Yanik Perera";
				TargetAttributes = {
					39E3A14723E0918900C588F0 = {
						CreatedOnToolsVersion = 10.3;
					};
				};
			};
			buildConfigurationList = 39E3A14323E0918900C588F0 /* Build configuration list for PBXProject "HBONOWapp" */;
			compatibilityVersion = "Xcode 9.3";
			developmentRegion = en;
			hasScannedForEncodings = 0;
			knownRegions = (
				en,
				Base,
			);
			mainGroup = 39E3A13F23E0918900C588F0;
			productRefGroup = 39E3A14923E0918900C588F0 /* Products */;
			projectDirPath = "";
			projectRoot = "";
			targets = (
				39E3A14723E0918900C588F0 /* HBONOWapp */,
			);
		};
/* End PBXProject section */

/* Begin PBXResourcesBuildPhase section */
		39E3A14623E0918900C588F0 /* Resources */ = {
			isa = PBXResourcesBuildPhase;
			buildActionMask = 2147483647;
			files = (
				39E3A16B23E09F1B00C588F0 /* dhoooom.jpg in Resources */,
				39E3A15923E0918B00C588F0 /* LaunchScreen.storyboard in Resources */,
				39E3A15623E0918B00C588F0 /* Assets.xcassets in Resources */,
				39E3A16723E09CEA00C588F0 /* HBONOW_img.png in Resources */,
				39E3A15123E0918900C588F0 /* Main.storyboard in Resources */,
				3913B4C323E31C4800286A9D /* GoogleService-Info.plist in Resources */,
			);
			runOnlyForDeploymentPostprocessing = 0;
		};
/* End PBXResourcesBuildPhase section */

/* Begin PBXShellScriptBuildPhase section */
		48E8D307DD53577424A9291E /* [CP] Embed Pods Frameworks */ = {
			isa = PBXShellScriptBuildPhase;
			buildActionMask = 2147483647;
			files = (
			);
			inputFileListPaths = (
				"${PODS_ROOT}/Target Support Files/Pods-HBONOWapp/Pods-HBONOWapp-frameworks-${CONFIGURATION}-input-files.xcfilelist",
			);
			name = "[CP] Embed Pods Frameworks";
			outputFileListPaths = (
				"${PODS_ROOT}/Target Support Files/Pods-HBONOWapp/Pods-HBONOWapp-frameworks-${CONFIGURATION}-output-files.xcfilelist",
			);
			runOnlyForDeploymentPostprocessing = 0;
			shellPath = /bin/sh;
			shellScript = "\"${PODS_ROOT}/Target Support Files/Pods-HBONOWapp/Pods-HBONOWapp-frameworks.sh\"\n";
			showEnvVarsInLog = 0;
		};
		FD42F8DB11F254DB15D5EC97 /* [CP] Check Pods Manifest.lock */ = {
			isa = PBXShellScriptBuildPhase;
			buildActionMask = 2147483647;
			files = (
			);
			inputFileListPaths = (
			);
			inputPaths = (
				"${PODS_PODFILE_DIR_PATH}/Podfile.lock",
				"${PODS_ROOT}/Manifest.lock",
			);
			name = "[CP] Check Pods Manifest.lock";
			outputFileListPaths = (
			);
			outputPaths = (
				"$(DERIVED_FILE_DIR)/Pods-HBONOWapp-checkManifestLockResult.txt",
			);
			runOnlyForDeploymentPostprocessing = 0;
			shellPath = /bin/sh;
			shellScript = "diff \"${PODS_PODFILE_DIR_PATH}/Podfile.lock\" \"${PODS_ROOT}/Manifest.lock\" > /dev/null\nif [ $? != 0 ] ; then\n    # print error to STDERR\n    echo \"error: The sandbox is not in sync with the Podfile.lock. Run 'pod install' or update your CocoaPods installation.\" >&2\n    exit 1\nfi\n# This output is used by Xcode 'outputs' to avoid re-running this script phase.\necho \"SUCCESS\" > \"${SCRIPT_OUTPUT_FILE_0}\"\n";
			showEnvVarsInLog = 0;
		};
/* End PBXShellScriptBuildPhase section */

/* Begin PBXSourcesBuildPhase section */
		39E3A14423E0918900C588F0 /* Sources */ = {
			isa = PBXSourcesBuildPhase;
			buildActionMask = 2147483647;
			files = (
				39E3A15423E0918900C588F0 /* HBONOWapp.xcdatamodeld in Sources */,
				3913B4C523E3210700286A9D /* RegisterViewController.swift in Sources */,
				39E3A14E23E0918900C588F0 /* ViewController.swift in Sources */,
				3913B4CC23E33A9000286A9D /* SignINViewController.swift in Sources */,
				3913B4CA23E32B3B00286A9D /* AlertDialog.swift in Sources */,
				3913B4C823E32AE000286A9D /* Validator.swift in Sources */,
				39E3A14C23E0918900C588F0 /* AppDelegate.swift in Sources */,
				3913B4CE23E33C0100286A9D /* DashboardViewController.swift in Sources */,
			);
			runOnlyForDeploymentPostprocessing = 0;
		};
/* End PBXSourcesBuildPhase section */

/* Begin PBXVariantGroup section */
		39E3A14F23E0918900C588F0 /* Main.storyboard */ = {
			isa = PBXVariantGroup;
			children = (
				39E3A15023E0918900C588F0 /* Base */,
			);
			name = Main.storyboard;
			sourceTree = "<group>";
		};
		39E3A15723E0918B00C588F0 /* LaunchScreen.storyboard */ = {
			isa = PBXVariantGroup;
			children = (
				39E3A15823E0918B00C588F0 /* Base */,
			);
			name = LaunchScreen.storyboard;
			sourceTree = "<group>";
		};
/* End PBXVariantGroup section */

/* Begin XCBuildConfiguration section */
		39E3A15B23E0918B00C588F0 /* Debug */ = {
			isa = XCBuildConfiguration;
			buildSettings = {
				ALWAYS_SEARCH_USER_PATHS = NO;
				CLANG_ANALYZER_NONNULL = YES;
				CLANG_ANALYZER_NUMBER_OBJECT_CONVERSION = YES_AGGRESSIVE;
				CLANG_CXX_LANGUAGE_STANDARD = "gnu++14";
				CLANG_CXX_LIBRARY = "libc++";
				CLANG_ENABLE_MODULES = YES;
				CLANG_ENABLE_OBJC_ARC = YES;
				CLANG_ENABLE_OBJC_WEAK = YES;
				CLANG_WARN_BLOCK_CAPTURE_AUTORELEASING = YES;
				CLANG_WARN_BOOL_CONVERSION = YES;
				CLANG_WARN_COMMA = YES;
				CLANG_WARN_CONSTANT_CONVERSION = YES;
				CLANG_WARN_DEPRECATED_OBJC_IMPLEMENTATIONS = YES;
				CLANG_WARN_DIRECT_OBJC_ISA_USAGE = YES_ERROR;
				CLANG_WARN_DOCUMENTATION_COMMENTS = YES;
				CLANG_WARN_EMPTY_BODY = YES;
				CLANG_WARN_ENUM_CONVERSION = YES;
				CLANG_WARN_INFINITE_RECURSION = YES;
				CLANG_WARN_INT_CONVERSION = YES;
				CLANG_WARN_NON_LITERAL_NULL_CONVERSION = YES;
				CLANG_WARN_OBJC_IMPLICIT_RETAIN_SELF = YES;
				CLANG_WARN_OBJC_LITERAL_CONVERSION = YES;
				CLANG_WARN_OBJC_ROOT_CLASS = YES_ERROR;
				CLANG_WARN_RANGE_LOOP_ANALYSIS = YES;
				CLANG_WARN_STRICT_PROTOTYPES = YES;
				CLANG_WARN_SUSPICIOUS_MOVE = YES;
				CLANG_WARN_UNGUARDED_AVAILABILITY = YES_AGGRESSIVE;
				CLANG_WARN_UNREACHABLE_CODE = YES;
				CLANG_WARN__DUPLICATE_METHOD_MATCH = YES;
				CODE_SIGN_IDENTITY = "iPhone Developer";
				COPY_PHASE_STRIP = NO;
				DEBUG_INFORMATION_FORMAT = dwarf;
				ENABLE_STRICT_OBJC_MSGSEND = YES;
				ENABLE_TESTABILITY = YES;
				GCC_C_LANGUAGE_STANDARD = gnu11;
				GCC_DYNAMIC_NO_PIC = NO;
				GCC_NO_COMMON_BLOCKS = YES;
				GCC_OPTIMIZATION_LEVEL = 0;
				GCC_PREPROCESSOR_DEFINITIONS = (
					"DEBUG=1",
					"$(inherited)",
				);
				GCC_WARN_64_TO_32_BIT_CONVERSION = YES;
				GCC_WARN_ABOUT_RETURN_TYPE = YES_ERROR;
				GCC_WARN_UNDECLARED_SELECTOR = YES;
				GCC_WARN_UNINITIALIZED_AUTOS = YES_AGGRESSIVE;
				GCC_WARN_UNUSED_FUNCTION = YES;
				GCC_WARN_UNUSED_VARIABLE = YES;
				IPHONEOS_DEPLOYMENT_TARGET = 12.4;
				MTL_ENABLE_DEBUG_INFO = INCLUDE_SOURCE;
				MTL_FAST_MATH = YES;
				ONLY_ACTIVE_ARCH = YES;
				SDKROOT = iphoneos;
				SWIFT_ACTIVE_COMPILATION_CONDITIONS = DEBUG;
				SWIFT_OPTIMIZATION_LEVEL = "-Onone";
			};
			name = Debug;
		};
		39E3A15C23E0918B00C588F0 /* Release */ = {
			isa = XCBuildConfiguration;
			buildSettings = {
				ALWAYS_SEARCH_USER_PATHS = NO;
				CLANG_ANALYZER_NONNULL = YES;
				CLANG_ANALYZER_NUMBER_OBJECT_CONVERSION = YES_AGGRESSIVE;
				CLANG_CXX_LANGUAGE_STANDARD = "gnu++14";
				CLANG_CXX_LIBRARY = "libc++";
				CLANG_ENABLE_MODULES = YES;
				CLANG_ENABLE_OBJC_ARC = YES;
				CLANG_ENABLE_OBJC_WEAK = YES;
				CLANG_WARN_BLOCK_CAPTURE_AUTORELEASING = YES;
				CLANG_WARN_BOOL_CONVERSION = YES;
				CLANG_WARN_COMMA = YES;
				CLANG_WARN_CONSTANT_CONVERSION = YES;
				CLANG_WARN_DEPRECATED_OBJC_IMPLEMENTATIONS = YES;
				CLANG_WARN_DIRECT_OBJC_ISA_USAGE = YES_ERROR;
				CLANG_WARN_DOCUMENTATION_COMMENTS = YES;
				CLANG_WARN_EMPTY_BODY = YES;
				CLANG_WARN_ENUM_CONVERSION = YES;
				CLANG_WARN_INFINITE_RECURSION = YES;
				CLANG_WARN_INT_CONVERSION = YES;
				CLANG_WARN_NON_LITERAL_NULL_CONVERSION = YES;
				CLANG_WARN_OBJC_IMPLICIT_RETAIN_SELF = YES;
				CLANG_WARN_OBJC_LITERAL_CONVERSION = YES;
				CLANG_WARN_OBJC_ROOT_CLASS = YES_ERROR;
				CLANG_WARN_RANGE_LOOP_ANALYSIS = YES;
				CLANG_WARN_STRICT_PROTOTYPES = YES;
				CLANG_WARN_SUSPICIOUS_MOVE = YES;
				CLANG_WARN_UNGUARDED_AVAILABILITY = YES_AGGRESSIVE;
				CLANG_WARN_UNREACHABLE_CODE = YES;
				CLANG_WARN__DUPLICATE_METHOD_MATCH = YES;
				CODE_SIGN_IDENTITY = "iPhone Developer";
				COPY_PHASE_STRIP = NO;
				DEBUG_INFORMATION_FORMAT = "dwarf-with-dsym";
				ENABLE_NS_ASSERTIONS = NO;
				ENABLE_STRICT_OBJC_MSGSEND = YES;
				GCC_C_LANGUAGE_STANDARD = gnu11;
				GCC_NO_COMMON_BLOCKS = YES;
				GCC_WARN_64_TO_32_BIT_CONVERSION = YES;
				GCC_WARN_ABOUT_RETURN_TYPE = YES_ERROR;
				GCC_WARN_UNDECLARED_SELECTOR = YES;
				GCC_WARN_UNINITIALIZED_AUTOS = YES_AGGRESSIVE;
				GCC_WARN_UNUSED_FUNCTION = YES;
				GCC_WARN_UNUSED_VARIABLE = YES;
				IPHONEOS_DEPLOYMENT_TARGET = 12.4;
				MTL_ENABLE_DEBUG_INFO = NO;
				MTL_FAST_MATH = YES;
				SDKROOT = iphoneos;
				SWIFT_COMPILATION_MODE = wholemodule;
				SWIFT_OPTIMIZATION_LEVEL = "-O";
				VALIDATE_PRODUCT = YES;
			};
			name = Release;
		};
		39E3A15E23E0918B00C588F0 /* Debug */ = {
			isa = XCBuildConfiguration;
			baseConfigurationReference = A03FAF9B5767FE76A11AA84C /* Pods-HBONOWapp.debug.xcconfig */;
			buildSettings = {
				ASSETCATALOG_COMPILER_APPICON_NAME = "AppIcon-1";
				CODE_SIGN_STYLE = Automatic;
				DEVELOPMENT_TEAM = 59397P39PU;
				INFOPLIST_FILE = HBONOWapp/Info.plist;
				LD_RUNPATH_SEARCH_PATHS = (
					"$(inherited)",
					"@executable_path/Frameworks",
				);
				PRODUCT_BUNDLE_IDENTIFIER = Yanik.HBONOWapp;
				PRODUCT_NAME = "$(TARGET_NAME)";
				SWIFT_VERSION = 5.0;
				TARGETED_DEVICE_FAMILY = "1,2";
			};
			name = Debug;
		};
		39E3A15F23E0918B00C588F0 /* Release */ = {
			isa = XCBuildConfiguration;
			baseConfigurationReference = A8114924B837AEF5F52C113E /* Pods-HBONOWapp.release.xcconfig */;
			buildSettings = {
				ASSETCATALOG_COMPILER_APPICON_NAME = "AppIcon-1";
				CODE_SIGN_STYLE = Automatic;
				DEVELOPMENT_TEAM = 59397P39PU;
				INFOPLIST_FILE = HBONOWapp/Info.plist;
				LD_RUNPATH_SEARCH_PATHS = (
					"$(inherited)",
					"@executable_path/Frameworks",
				);
				PRODUCT_BUNDLE_IDENTIFIER = Yanik.HBONOWapp;
				PRODUCT_NAME = "$(TARGET_NAME)";
				SWIFT_VERSION = 5.0;
				TARGETED_DEVICE_FAMILY = "1,2";
			};
			name = Release;
		};
/* End XCBuildConfiguration section */

/* Begin XCConfigurationList section */
		39E3A14323E0918900C588F0 /* Build configuration list for PBXProject "HBONOWapp" */ = {
			isa = XCConfigurationList;
			buildConfigurations = (
				39E3A15B23E0918B00C588F0 /* Debug */,
				39E3A15C23E0918B00C588F0 /* Release */,
			);
			defaultConfigurationIsVisible = 0;
			defaultConfigurationName = Release;
		};
		39E3A15D23E0918B00C588F0 /* Build configuration list for PBXNativeTarget "HBONOWapp" */ = {
			isa = XCConfigurationList;
			buildConfigurations = (
				39E3A15E23E0918B00C588F0 /* Debug */,
				39E3A15F23E0918B00C588F0 /* Release */,
			);
			defaultConfigurationIsVisible = 0;
			defaultConfigurationName = Release;
		};
/* End XCConfigurationList section */

/* Begin XCVersionGroup section */
		39E3A15223E0918900C588F0 /* HBONOWapp.xcdatamodeld */ = {
			isa = XCVersionGroup;
			children = (
				39E3A15323E0918900C588F0 /* HBONOWapp.xcdatamodel */,
			);
			currentVersion = 39E3A15323E0918900C588F0 /* HBONOWapp.xcdatamodel */;
			path = HBONOWapp.xcdatamodeld;
			sourceTree = "<group>";
			versionGroupType = wrapper.xcdatamodel;
		};
/* End XCVersionGroup section */
	};
	rootObject = 39E3A14023E0918900C588F0 /* Project object */;
}
